// !$*UTF8*$!
{
	archiveVersion = 1;
	classes = {
	};
	objectVersion = 55;
	objects = {

/* Begin PBXBuildFile section */
		18AB0E8227492EB0008CF877 /* FDownload.framework in Frameworks */ = {isa = PBXBuildFile; fileRef = 18AB0E7827492D0E008CF877 /* FDownload.framework */; };
		18AB0E8327492EB0008CF877 /* FDownload.framework in Embed Frameworks */ = {isa = PBXBuildFile; fileRef = 18AB0E7827492D0E008CF877 /* FDownload.framework */; settings = {ATTRIBUTES = (CodeSignOnCopy, RemoveHeadersOnCopy, ); }; };
		18AB0E8727492FC1008CF877 /* DownloadCell.m in Sources */ = {isa = PBXBuildFile; fileRef = 18AB0E8627492FC1008CF877 /* DownloadCell.m */; };
		18AB745927492B510095015B /* AppDelegate.m in Sources */ = {isa = PBXBuildFile; fileRef = 18AB745827492B510095015B /* AppDelegate.m */; };
		18AB745C27492B510095015B /* SceneDelegate.m in Sources */ = {isa = PBXBuildFile; fileRef = 18AB745B27492B510095015B /* SceneDelegate.m */; };
		18AB745F27492B510095015B /* ViewController.m in Sources */ = {isa = PBXBuildFile; fileRef = 18AB745E27492B510095015B /* ViewController.m */; };
		18AB746227492B510095015B /* Main.storyboard in Resources */ = {isa = PBXBuildFile; fileRef = 18AB746027492B510095015B /* Main.storyboard */; };
		18AB746427492B550095015B /* Assets.xcassets in Resources */ = {isa = PBXBuildFile; fileRef = 18AB746327492B550095015B /* Assets.xcassets */; };
		18AB746727492B550095015B /* LaunchScreen.storyboard in Resources */ = {isa = PBXBuildFile; fileRef = 18AB746527492B550095015B /* LaunchScreen.storyboard */; };
		18AB746A27492B550095015B /* main.m in Sources */ = {isa = PBXBuildFile; fileRef = 18AB746927492B550095015B /* main.m */; };
/* End PBXBuildFile section */

/* Begin PBXContainerItemProxy section */
		18AB0E7727492D0E008CF877 /* PBXContainerItemProxy */ = {
			isa = PBXContainerItemProxy;
			containerPortal = 18AB0E7227492D0E008CF877 /* FDownload.xcodeproj */;
			proxyType = 2;
			remoteGlobalIDString = 182787352747E74500E056E9;
			remoteInfo = FDownload;
		};
		18AB0E7927492D0E008CF877 /* PBXContainerItemProxy */ = {
			isa = PBXContainerItemProxy;
			containerPortal = 18AB0E7227492D0E008CF877 /* FDownload.xcodeproj */;
			proxyType = 2;
			remoteGlobalIDString = 1827873D2747E74500E056E9;
			remoteInfo = FDownloadTests;
		};
/* End PBXContainerItemProxy section */

/* Begin PBXCopyFilesBuildPhase section */
		18AB0E8427492EB0008CF877 /* Embed Frameworks */ = {
			isa = PBXCopyFilesBuildPhase;
			buildActionMask = 2147483647;
			dstPath = "";
			dstSubfolderSpec = 10;
			files = (
				18AB0E8327492EB0008CF877 /* FDownload.framework in Embed Frameworks */,
			);
			name = "Embed Frameworks";
			runOnlyForDeploymentPostprocessing = 0;
		};
/* End PBXCopyFilesBuildPhase section */

/* Begin PBXFileReference section */
		18AB0E7227492D0E008CF877 /* FDownload.xcodeproj */ = {isa = PBXFileReference; lastKnownFileType = "wrapper.pb-project"; name = FDownload.xcodeproj; path = ../../FDownload.xcodeproj; sourceTree = "<group>"; };
		18AB0E8527492F88008CF877 /* DownloadCell.h */ = {isa = PBXFileReference; lastKnownFileType = sourcecode.c.h; path = DownloadCell.h; sourceTree = "<group>"; };
		18AB0E8627492FC1008CF877 /* DownloadCell.m */ = {isa = PBXFileReference; lastKnownFileType = sourcecode.c.objc; path = DownloadCell.m; sourceTree = "<group>"; };
		18AB745427492B510095015B /* FDownloadIOS.app */ = {isa = PBXFileReference; explicitFileType = wrapper.application; includeInIndex = 0; path = FDownloadIOS.app; sourceTree = BUILT_PRODUCTS_DIR; };
		18AB745727492B510095015B /* AppDelegate.h */ = {isa = PBXFileReference; lastKnownFileType = sourcecode.c.h; path = AppDelegate.h; sourceTree = "<group>"; };
		18AB745827492B510095015B /* AppDelegate.m */ = {isa = PBXFileReference; lastKnownFileType = sourcecode.c.objc; path = AppDelegate.m; sourceTree = "<group>"; };
		18AB745A27492B510095015B /* SceneDelegate.h */ = {isa = PBXFileReference; lastKnownFileType = sourcecode.c.h; path = SceneDelegate.h; sourceTree = "<group>"; };
		18AB745B27492B510095015B /* SceneDelegate.m */ = {isa = PBXFileReference; lastKnownFileType = sourcecode.c.objc; path = SceneDelegate.m; sourceTree = "<group>"; };
		18AB745D27492B510095015B /* ViewController.h */ = {isa = PBXFileReference; lastKnownFileType = sourcecode.c.h; path = ViewController.h; sourceTree = "<group>"; };
		18AB745E27492B510095015B /* ViewController.m */ = {isa = PBXFileReference; lastKnownFileType = sourcecode.c.objc; path = ViewController.m; sourceTree = "<group>"; };
		18AB746127492B510095015B /* Base */ = {isa = PBXFileReference; lastKnownFileType = file.storyboard; name = Base; path = Base.lproj/Main.storyboard; sourceTree = "<group>"; };
		18AB746327492B550095015B /* Assets.xcassets */ = {isa = PBXFileReference; lastKnownFileType = folder.assetcatalog; path = Assets.xcassets; sourceTree = "<group>"; };
		18AB746627492B550095015B /* Base */ = {isa = PBXFileReference; lastKnownFileType = file.storyboard; name = Base; path = Base.lproj/LaunchScreen.storyboard; sourceTree = "<group>"; };
		18AB746827492B550095015B /* Info.plist */ = {isa = PBXFileReference; lastKnownFileType = text.plist.xml; path = Info.plist; sourceTree = "<group>"; };
		18AB746927492B550095015B /* main.m */ = {isa = PBXFileReference; lastKnownFileType = sourcecode.c.objc; path = main.m; sourceTree = "<group>"; };
/* End PBXFileReference section */

/* Begin PBXFrameworksBuildPhase section */
		18AB745127492B510095015B /* Frameworks */ = {
			isa = PBXFrameworksBuildPhase;
			buildActionMask = 2147483647;
			files = (
				18AB0E8227492EB0008CF877 /* FDownload.framework in Frameworks */,
			);
			runOnlyForDeploymentPostprocessing = 0;
		};
/* End PBXFrameworksBuildPhase section */

/* Begin PBXGroup section */
		18AB0E7327492D0E008CF877 /* Products */ = {
			isa = PBXGroup;
			children = (
				18AB0E7827492D0E008CF877 /* FDownload.framework */,
				18AB0E7A27492D0E008CF877 /* FDownloadTests.xctest */,
			);
			name = Products;
			sourceTree = "<group>";
		};
		18AB0E7B27492D19008CF877 /* Frameworks */ = {
			isa = PBXGroup;
			children = (
			);
			name = Frameworks;
			sourceTree = "<group>";
		};
		18AB744B27492B510095015B = {
			isa = PBXGroup;
			children = (
				18AB0E7227492D0E008CF877 /* FDownload.xcodeproj */,
				18AB745627492B510095015B /* FDownloadIOS */,
				18AB745527492B510095015B /* Products */,
				18AB0E7B27492D19008CF877 /* Frameworks */,
			);
			sourceTree = "<group>";
		};
		18AB745527492B510095015B /* Products */ = {
			isa = PBXGroup;
			children = (
				18AB745427492B510095015B /* FDownloadIOS.app */,
			);
			name = Products;
			sourceTree = "<group>";
		};
		18AB745627492B510095015B /* FDownloadIOS */ = {
			isa = PBXGroup;
			children = (
				18AB745727492B510095015B /* AppDelegate.h */,
				18AB745827492B510095015B /* AppDelegate.m */,
				18AB745A27492B510095015B /* SceneDelegate.h */,
				18AB745B27492B510095015B /* SceneDelegate.m */,
				18AB745D27492B510095015B /* ViewController.h */,
				18AB745E27492B510095015B /* ViewController.m */,
				18AB746027492B510095015B /* Main.storyboard */,
				18AB746327492B550095015B /* Assets.xcassets */,
				18AB746527492B550095015B /* LaunchScreen.storyboard */,
				18AB746827492B550095015B /* Info.plist */,
				18AB746927492B550095015B /* main.m */,
				18AB0E8527492F88008CF877 /* DownloadCell.h */,
				18AB0E8627492FC1008CF877 /* DownloadCell.m */,
			);
			path = FDownloadIOS;
			sourceTree = "<group>";
		};
/* End PBXGroup section */

/* Begin PBXNativeTarget section */
		18AB745327492B510095015B /* FDownloadIOS */ = {
			isa = PBXNativeTarget;
			buildConfigurationList = 18AB746D27492B550095015B /* Build configuration list for PBXNativeTarget "FDownloadIOS" */;
			buildPhases = (
				18AB745027492B510095015B /* Sources */,
				18AB745127492B510095015B /* Frameworks */,
				18AB745227492B510095015B /* Resources */,
				18AB0E8427492EB0008CF877 /* Embed Frameworks */,
			);
			buildRules = (
			);
			dependencies = (
			);
			name = FDownloadIOS;
			productName = FDownloadIOS;
			productReference = 18AB745427492B510095015B /* FDownloadIOS.app */;
			productType = "com.apple.product-type.application";
		};
/* End PBXNativeTarget section */

/* Begin PBXProject section */
		18AB744C27492B510095015B /* Project object */ = {
			isa = PBXProject;
			attributes = {
				BuildIndependentTargetsInParallel = 1;
				LastUpgradeCheck = 1300;
				TargetAttributes = {
					18AB745327492B510095015B = {
						CreatedOnToolsVersion = 13.0;
					};
				};
			};
			buildConfigurationList = 18AB744F27492B510095015B /* Build configuration list for PBXProject "FDownloadIOS" */;
			compatibilityVersion = "Xcode 13.0";
			developmentRegion = en;
			hasScannedForEncodings = 0;
			knownRegions = (
				en,
				Base,
			);
			mainGroup = 18AB744B27492B510095015B;
			productRefGroup = 18AB745527492B510095015B /* Products */;
			projectDirPath = "";
			projectReferences = (
				{
					ProductGroup = 18AB0E7327492D0E008CF877 /* Products */;
					ProjectRef = 18AB0E7227492D0E008CF877 /* FDownload.xcodeproj */;
				},
			);
			projectRoot = "";
			targets = (
				18AB745327492B510095015B /* FDownloadIOS */,
			);
		};
/* End PBXProject section */

/* Begin PBXReferenceProxy section */
		18AB0E7827492D0E008CF877 /* FDownload.framework */ = {
			isa = PBXReferenceProxy;
			fileType = wrapper.framework;
			path = FDownload.framework;
			remoteRef = 18AB0E7727492D0E008CF877 /* PBXContainerItemProxy */;
			sourceTree = BUILT_PRODUCTS_DIR;
		};
		18AB0E7A27492D0E008CF877 /* FDownloadTests.xctest */ = {
			isa = PBXReferenceProxy;
			fileType = wrapper.cfbundle;
			path = FDownloadTests.xctest;
			remoteRef = 18AB0E7927492D0E008CF877 /* PBXContainerItemProxy */;
			sourceTree = BUILT_PRODUCTS_DIR;
		};
/* End PBXReferenceProxy section */

/* Begin PBXResourcesBuildPhase section */
		18AB745227492B510095015B /* Resources */ = {
			isa = PBXResourcesBuildPhase;
			buildActionMask = 2147483647;
			files = (
				18AB746727492B550095015B /* LaunchScreen.storyboard in Resources */,
				18AB746427492B550095015B /* Assets.xcassets in Resources */,
				18AB746227492B510095015B /* Main.storyboard in Resources */,
			);
			runOnlyForDeploymentPostprocessing = 0;
		};
/* End PBXResourcesBuildPhase section */

/* Begin PBXSourcesBuildPhase section */
		18AB745027492B510095015B /* Sources */ = {
			isa = PBXSourcesBuildPhase;
			buildActionMask = 2147483647;
			files = (
				18AB745F27492B510095015B /* ViewController.m in Sources */,
				18AB745927492B510095015B /* AppDelegate.m in Sources */,
				18AB746A27492B550095015B /* main.m in Sources */,
				18AB745C27492B510095015B /* SceneDelegate.m in Sources */,
				18AB0E8727492FC1008CF877 /* DownloadCell.m in Sources */,
			);
			runOnlyForDeploymentPostprocessing = 0;
		};
/* End PBXSourcesBuildPhase section */

/* Begin PBXVariantGroup section */
		18AB746027492B510095015B /* Main.storyboard */ = {
			isa = PBXVariantGroup;
			children = (
				18AB746127492B510095015B /* Base */,
			);
			name = Main.storyboard;
			sourceTree = "<group>";
		};
		18AB746527492B550095015B /* LaunchScreen.storyboard */ = {
			isa = PBXVariantGroup;
			children = (
				18AB746627492B550095015B /* Base */,
			);
			name = LaunchScreen.storyboard;
			sourceTree = "<group>";
		};
/* End PBXVariantGroup section */

/* Begin XCBuildConfiguration section */
		18AB746B27492B550095015B /* Debug */ = {
			isa = XCBuildConfiguration;
			buildSettings = {
				ALWAYS_SEARCH_USER_PATHS = NO;
				CLANG_ANALYZER_NONNULL = YES;
				CLANG_ANALYZER_NUMBER_OBJECT_CONVERSION = YES_AGGRESSIVE;
				CLANG_CXX_LANGUAGE_STANDARD = "gnu++17";
				CLANG_CXX_LIBRARY = "libc++";
				CLANG_ENABLE_MODULES = YES;
				CLANG_ENABLE_OBJC_ARC = YES;
				CLANG_ENABLE_OBJC_WEAK = YES;
				CLANG_WARN_BLOCK_CAPTURE_AUTORELEASING = YES;
				CLANG_WARN_BOOL_CONVERSION = YES;
				CLANG_WARN_COMMA = YES;
				CLANG_WARN_CONSTANT_CONVERSION = YES;
				CLANG_WARN_DEPRECATED_OBJC_IMPLEMENTATIONS = YES;
				CLANG_WARN_DIRECT_OBJC_ISA_USAGE = YES_ERROR;
				CLANG_WARN_DOCUMENTATION_COMMENTS = YES;
				CLANG_WARN_EMPTY_BODY = YES;
				CLANG_WARN_ENUM_CONVERSION = YES;
				CLANG_WARN_INFINITE_RECURSION = YES;
				CLANG_WARN_INT_CONVERSION = YES;
				CLANG_WARN_NON_LITERAL_NULL_CONVERSION = YES;
				CLANG_WARN_OBJC_IMPLICIT_RETAIN_SELF = YES;
				CLANG_WARN_OBJC_LITERAL_CONVERSION = YES;
				CLANG_WARN_OBJC_ROOT_CLASS = YES_ERROR;
				CLANG_WARN_QUOTED_INCLUDE_IN_FRAMEWORK_HEADER = YES;
				CLANG_WARN_RANGE_LOOP_ANALYSIS = YES;
				CLANG_WARN_STRICT_PROTOTYPES = YES;
				CLANG_WARN_SUSPICIOUS_MOVE = YES;
				CLANG_WARN_UNGUARDED_AVAILABILITY = YES_AGGRESSIVE;
				CLANG_WARN_UNREACHABLE_CODE = YES;
				CLANG_WARN__DUPLICATE_METHOD_MATCH = YES;
				COPY_PHASE_STRIP = NO;
				DEBUG_INFORMATION_FORMAT = dwarf;
				ENABLE_STRICT_OBJC_MSGSEND = YES;
				ENABLE_TESTABILITY = YES;
				GCC_C_LANGUAGE_STANDARD = gnu11;
				GCC_DYNAMIC_NO_PIC = NO;
				GCC_NO_COMMON_BLOCKS = YES;
				GCC_OPTIMIZATION_LEVEL = 0;
				GCC_PREPROCESSOR_DEFINITIONS = (
					"DEBUG=1",
					"$(inherited)",
				);
				GCC_WARN_64_TO_32_BIT_CONVERSION = YES;
				GCC_WARN_ABOUT_RETURN_TYPE = YES_ERROR;
				GCC_WARN_UNDECLARED_SELECTOR = YES;
				GCC_WARN_UNINITIALIZED_AUTOS = YES_AGGRESSIVE;
				GCC_WARN_UNUSED_FUNCTION = YES;
				GCC_WARN_UNUSED_VARIABLE = YES;
				IPHONEOS_DEPLOYMENT_TARGET = 15.0;
				MTL_ENABLE_DEBUG_INFO = INCLUDE_SOURCE;
				MTL_FAST_MATH = YES;
				ONLY_ACTIVE_ARCH = YES;
				SDKROOT = iphoneos;
			};
			name = Debug;
		};
		18AB746C27492B550095015B /* Release */ = {
			isa = XCBuildConfiguration;
			buildSettings = {
				ALWAYS_SEARCH_USER_PATHS = NO;
				CLANG_ANALYZER_NONNULL = YES;
				CLANG_ANALYZER_NUMBER_OBJECT_CONVERSION = YES_AGGRESSIVE;
				CLANG_CXX_LANGUAGE_STANDARD = "gnu++17";
				CLANG_CXX_LIBRARY = "libc++";
				CLANG_ENABLE_MODULES = YES;
				CLANG_ENABLE_OBJC_ARC = YES;
				CLANG_ENABLE_OBJC_WEAK = YES;
				CLANG_WARN_BLOCK_CAPTURE_AUTORELEASING = YES;
				CLANG_WARN_BOOL_CONVERSION = YES;
				CLANG_WARN_COMMA = YES;
				CLANG_WARN_CONSTANT_CONVERSION = YES;
				CLANG_WARN_DEPRECATED_OBJC_IMPLEMENTATIONS = YES;
				CLANG_WARN_DIRECT_OBJC_ISA_USAGE = YES_ERROR;
				CLANG_WARN_DOCUMENTATION_COMMENTS = YES;
				CLANG_WARN_EMPTY_BODY = YES;
				CLANG_WARN_ENUM_CONVERSION = YES;
				CLANG_WARN_INFINITE_RECURSION = YES;
				CLANG_WARN_INT_CONVERSION = YES;
				CLANG_WARN_NON_LITERAL_NULL_CONVERSION = YES;
				CLANG_WARN_OBJC_IMPLICIT_RETAIN_SELF = YES;
				CLANG_WARN_OBJC_LITERAL_CONVERSION = YES;
				CLANG_WARN_OBJC_ROOT_CLASS = YES_ERROR;
				CLANG_WARN_QUOTED_INCLUDE_IN_FRAMEWORK_HEADER = YES;
				CLANG_WARN_RANGE_LOOP_ANALYSIS = YES;
				CLANG_WARN_STRICT_PROTOTYPES = YES;
				CLANG_WARN_SUSPICIOUS_MOVE = YES;
				CLANG_WARN_UNGUARDED_AVAILABILITY = YES_AGGRESSIVE;
				CLANG_WARN_UNREACHABLE_CODE = YES;
				CLANG_WARN__DUPLICATE_METHOD_MATCH = YES;
				COPY_PHASE_STRIP = NO;
				DEBUG_INFORMATION_FORMAT = "dwarf-with-dsym";
				ENABLE_NS_ASSERTIONS = NO;
				ENABLE_STRICT_OBJC_MSGSEND = YES;
				GCC_C_LANGUAGE_STANDARD = gnu11;
				GCC_NO_COMMON_BLOCKS = YES;
				GCC_WARN_64_TO_32_BIT_CONVERSION = YES;
				GCC_WARN_ABOUT_RETURN_TYPE = YES_ERROR;
				GCC_WARN_UNDECLARED_SELECTOR = YES;
				GCC_WARN_UNINITIALIZED_AUTOS = YES_AGGRESSIVE;
				GCC_WARN_UNUSED_FUNCTION = YES;
				GCC_WARN_UNUSED_VARIABLE = YES;
				IPHONEOS_DEPLOYMENT_TARGET = 15.0;
				MTL_ENABLE_DEBUG_INFO = NO;
				MTL_FAST_MATH = YES;
				SDKROOT = iphoneos;
				VALIDATE_PRODUCT = YES;
			};
			name = Release;
		};
		18AB746E27492B550095015B /* Debug */ = {
			isa = XCBuildConfiguration;
			buildSettings = {
				ASSETCATALOG_COMPILER_APPICON_NAME = AppIcon;
				ASSETCATALOG_COMPILER_GLOBAL_ACCENT_COLOR_NAME = AccentColor;
				CODE_SIGN_STYLE = Automatic;
				CURRENT_PROJECT_VERSION = 1;
				GENERATE_INFOPLIST_FILE = YES;
				INFOPLIST_FILE = FDownloadIOS/Info.plist;
				INFOPLIST_KEY_UIApplicationSupportsIndirectInputEvents = YES;
				INFOPLIST_KEY_UILaunchStoryboardName = LaunchScreen;
				INFOPLIST_KEY_UIMainStoryboardFile = Main;
				INFOPLIST_KEY_UISupportedInterfaceOrientations_iPad = "UIInterfaceOrientationPortrait UIInterfaceOrientationPortraitUpsideDown UIInterfaceOrientationLandscapeLeft UIInterfaceOrientationLandscapeRight";
				INFOPLIST_KEY_UISupportedInterfaceOrientations_iPhone = "UIInterfaceOrientationPortrait UIInterfaceOrientationLandscapeLeft UIInterfaceOrientationLandscapeRight";
				LD_RUNPATH_SEARCH_PATHS = (
					"$(inherited)",
					"@executable_path/Frameworks",
				);
				MARKETING_VERSION = 1.0;
				PRODUCT_BUNDLE_IDENTIFIER = com.krishpranav.FDownloadIOS;
				PRODUCT_NAME = "$(TARGET_NAME)";
				SWIFT_EMIT_LOC_STRINGS = YES;
				TARGETED_DEVICE_FAMILY = "1,2";
			};
			name = Debug;
		};
		18AB746F27492B550095015B /* Release */ = {
			isa = XCBuildConfiguration;
			buildSettings = {
				ASSETCATALOG_COMPILER_APPICON_NAME = AppIcon;
				ASSETCATALOG_COMPILER_GLOBAL_ACCENT_COLOR_NAME = AccentColor;
				CODE_SIGN_STYLE = Automatic;
				CURRENT_PROJECT_VERSION = 1;
				GENERATE_INFOPLIST_FILE = YES;
				INFOPLIST_FILE = FDownloadIOS/Info.plist;
				INFOPLIST_KEY_UIApplicationSupportsIndirectInputEvents = YES;
				INFOPLIST_KEY_UILaunchStoryboardName = LaunchScreen;
				INFOPLIST_KEY_UIMainStoryboardFile = Main;
				INFOPLIST_KEY_UISupportedInterfaceOrientations_iPad = "UIInterfaceOrientationPortrait UIInterfaceOrientationPortraitUpsideDown UIInterfaceOrientationLandscapeLeft UIInterfaceOrientationLandscapeRight";
				INFOPLIST_KEY_UISupportedInterfaceOrientations_iPhone = "UIInterfaceOrientationPortrait UIInterfaceOrientationLandscapeLeft UIInterfaceOrientationLandscapeRight";
				LD_RUNPATH_SEARCH_PATHS = (
					"$(inherited)",
					"@executable_path/Frameworks",
				);
				MARKETING_VERSION = 1.0;
				PRODUCT_BUNDLE_IDENTIFIER = com.krishpranav.FDownloadIOS;
				PRODUCT_NAME = "$(TARGET_NAME)";
				SWIFT_EMIT_LOC_STRINGS = YES;
				TARGETED_DEVICE_FAMILY = "1,2";
			};
			name = Release;
		};
/* End XCBuildConfiguration section */

/* Begin XCConfigurationList section */
		18AB744F27492B510095015B /* Build configuration list for PBXProject "FDownloadIOS" */ = {
			isa = XCConfigurationList;
			buildConfigurations = (
				18AB746B27492B550095015B /* Debug */,
				18AB746C27492B550095015B /* Release */,
			);
			defaultConfigurationIsVisible = 0;
			defaultConfigurationName = Release;
		};
		18AB746D27492B550095015B /* Build configuration list for PBXNativeTarget "FDownloadIOS" */ = {
			isa = XCConfigurationList;
			buildConfigurations = (
				18AB746E27492B550095015B /* Debug */,
				18AB746F27492B550095015B /* Release */,
			);
			defaultConfigurationIsVisible = 0;
			defaultConfigurationName = Release;
		};
/* End XCConfigurationList section */
	};
	rootObject = 18AB744C27492B510095015B /* Project object */;
}
